// !$*UTF8*$!
{
	archiveVersion = 1;
	classes = {
	};
	objectVersion = 56;
	objects = {

/* Begin PBXBuildFile section */
		8ACB1ECD2C0C6B1500C64D45 /* AppDelegate.swift in Sources */ = {isa = PBXBuildFile; fileRef = 8ACB1ECC2C0C6B1500C64D45 /* AppDelegate.swift */; };
		8ACB1ECF2C0C6B1500C64D45 /* SceneDelegate.swift in Sources */ = {isa = PBXBuildFile; fileRef = 8ACB1ECE2C0C6B1500C64D45 /* SceneDelegate.swift */; };
		8ACB1ED62C0C6B1900C64D45 /* Assets.xcassets in Resources */ = {isa = PBXBuildFile; fileRef = 8ACB1ED52C0C6B1900C64D45 /* Assets.xcassets */; };
		8ACB1EE42C0C6EDB00C64D45 /* Cards.swift in Sources */ = {isa = PBXBuildFile; fileRef = 8ACB1EE32C0C6EDB00C64D45 /* Cards.swift */; };
		8ACB1EE62C0C6F4B00C64D45 /* CardResponse.swift in Sources */ = {isa = PBXBuildFile; fileRef = 8ACB1EE52C0C6F4B00C64D45 /* CardResponse.swift */; };
		8ACB1EE92C0C6FE900C64D45 /* CardTableViewCell.swift in Sources */ = {isa = PBXBuildFile; fileRef = 8ACB1EE82C0C6FE900C64D45 /* CardTableViewCell.swift */; };
		8ACB1EEC2C0C707100C64D45 /* SnapKit in Frameworks */ = {isa = PBXBuildFile; productRef = 8ACB1EEB2C0C707100C64D45 /* SnapKit */; };
		8ACB1EEF2C0C754600C64D45 /* CardsViewController.swift in Sources */ = {isa = PBXBuildFile; fileRef = 8ACB1EEE2C0C754600C64D45 /* CardsViewController.swift */; };
		8ACB1EF12C0C791300C64D45 /* CardDetailViewController.swift in Sources */ = {isa = PBXBuildFile; fileRef = 8ACB1EF02C0C791300C64D45 /* CardDetailViewController.swift */; };
		8ACB1EF32C0C7B0200C64D45 /* CardsViewModel.swift in Sources */ = {isa = PBXBuildFile; fileRef = 8ACB1EF22C0C7B0200C64D45 /* CardsViewModel.swift */; };
		8ACB1EF52C0C7BBF00C64D45 /* APIManager.swift in Sources */ = {isa = PBXBuildFile; fileRef = 8ACB1EF42C0C7BBF00C64D45 /* APIManager.swift */; };
		8ACB1EF92C0C7C6800C64D45 /* Alamofire in Frameworks */ = {isa = PBXBuildFile; productRef = 8ACB1EF82C0C7C6800C64D45 /* Alamofire */; };
/* End PBXBuildFile section */

/* Begin PBXFileReference section */
		8ACB1EC92C0C6B1500C64D45 /* StartiOS-HW17_Rustem_Usserov.app */ = {isa = PBXFileReference; explicitFileType = wrapper.application; includeInIndex = 0; path = "StartiOS-HW17_Rustem_Usserov.app"; sourceTree = BUILT_PRODUCTS_DIR; };
		8ACB1ECC2C0C6B1500C64D45 /* AppDelegate.swift */ = {isa = PBXFileReference; lastKnownFileType = sourcecode.swift; path = AppDelegate.swift; sourceTree = "<group>"; };
		8ACB1ECE2C0C6B1500C64D45 /* SceneDelegate.swift */ = {isa = PBXFileReference; lastKnownFileType = sourcecode.swift; path = SceneDelegate.swift; sourceTree = "<group>"; };
		8ACB1ED52C0C6B1900C64D45 /* Assets.xcassets */ = {isa = PBXFileReference; lastKnownFileType = folder.assetcatalog; path = Assets.xcassets; sourceTree = "<group>"; };
		8ACB1EDA2C0C6B1900C64D45 /* Info.plist */ = {isa = PBXFileReference; lastKnownFileType = text.plist.xml; path = Info.plist; sourceTree = "<group>"; };
		8ACB1EE32C0C6EDB00C64D45 /* Cards.swift */ = {isa = PBXFileReference; lastKnownFileType = sourcecode.swift; path = Cards.swift; sourceTree = "<group>"; };
		8ACB1EE52C0C6F4B00C64D45 /* CardResponse.swift */ = {isa = PBXFileReference; lastKnownFileType = sourcecode.swift; path = CardResponse.swift; sourceTree = "<group>"; };
		8ACB1EE82C0C6FE900C64D45 /* CardTableViewCell.swift */ = {isa = PBXFileReference; lastKnownFileType = sourcecode.swift; path = CardTableViewCell.swift; sourceTree = "<group>"; };
		8ACB1EEE2C0C754600C64D45 /* CardsViewController.swift */ = {isa = PBXFileReference; lastKnownFileType = sourcecode.swift; path = CardsViewController.swift; sourceTree = "<group>"; };
		8ACB1EF02C0C791300C64D45 /* CardDetailViewController.swift */ = {isa = PBXFileReference; lastKnownFileType = sourcecode.swift; path = CardDetailViewController.swift; sourceTree = "<group>"; };
		8ACB1EF22C0C7B0200C64D45 /* CardsViewModel.swift */ = {isa = PBXFileReference; lastKnownFileType = sourcecode.swift; path = CardsViewModel.swift; sourceTree = "<group>"; };
		8ACB1EF42C0C7BBF00C64D45 /* APIManager.swift */ = {isa = PBXFileReference; lastKnownFileType = sourcecode.swift; path = APIManager.swift; sourceTree = "<group>"; };
/* End PBXFileReference section */

/* Begin PBXFrameworksBuildPhase section */
		8ACB1EC62C0C6B1500C64D45 /* Frameworks */ = {
			isa = PBXFrameworksBuildPhase;
			buildActionMask = 2147483647;
			files = (
				8ACB1EEC2C0C707100C64D45 /* SnapKit in Frameworks */,
				8ACB1EF92C0C7C6800C64D45 /* Alamofire in Frameworks */,
			);
			runOnlyForDeploymentPostprocessing = 0;
		};
/* End PBXFrameworksBuildPhase section */

/* Begin PBXGroup section */
		8ACB1EC02C0C6B1500C64D45 = {
			isa = PBXGroup;
			children = (
				8ACB1ECB2C0C6B1500C64D45 /* StartiOS-HW17_Rustem_Usserov */,
				8ACB1ECA2C0C6B1500C64D45 /* Products */,
			);
			sourceTree = "<group>";
		};
		8ACB1ECA2C0C6B1500C64D45 /* Products */ = {
			isa = PBXGroup;
			children = (
				8ACB1EC92C0C6B1500C64D45 /* StartiOS-HW17_Rustem_Usserov.app */,
			);
			name = Products;
			sourceTree = "<group>";
		};
		8ACB1ECB2C0C6B1500C64D45 /* StartiOS-HW17_Rustem_Usserov */ = {
			isa = PBXGroup;
			children = (
				8ACB1ECC2C0C6B1500C64D45 /* AppDelegate.swift */,
				8ACB1ECE2C0C6B1500C64D45 /* SceneDelegate.swift */,
				8ACB1EE02C0C6E6E00C64D45 /* Model */,
				8ACB1EE12C0C6E8000C64D45 /* View */,
				8ACB1EE22C0C6E8C00C64D45 /* ViewModel */,
				8ACB1EF62C0C7BCE00C64D45 /* Networking */,
				8ACB1ED52C0C6B1900C64D45 /* Assets.xcassets */,
				8ACB1EDA2C0C6B1900C64D45 /* Info.plist */,
			);
			path = "StartiOS-HW17_Rustem_Usserov";
			sourceTree = "<group>";
		};
		8ACB1EE02C0C6E6E00C64D45 /* Model */ = {
			isa = PBXGroup;
			children = (
				8ACB1EE32C0C6EDB00C64D45 /* Cards.swift */,
				8ACB1EE52C0C6F4B00C64D45 /* CardResponse.swift */,
			);
			path = Model;
			sourceTree = "<group>";
		};
		8ACB1EE12C0C6E8000C64D45 /* View */ = {
			isa = PBXGroup;
			children = (
				8ACB1EE72C0C6FCC00C64D45 /* Cells */,
				8ACB1EED2C0C750F00C64D45 /* ViewControllers */,
			);
			path = View;
			sourceTree = "<group>";
		};
		8ACB1EE22C0C6E8C00C64D45 /* ViewModel */ = {
			isa = PBXGroup;
			children = (
				8ACB1EF22C0C7B0200C64D45 /* CardsViewModel.swift */,
			);
			path = ViewModel;
			sourceTree = "<group>";
		};
		8ACB1EE72C0C6FCC00C64D45 /* Cells */ = {
			isa = PBXGroup;
			children = (
				8ACB1EE82C0C6FE900C64D45 /* CardTableViewCell.swift */,
			);
			path = Cells;
			sourceTree = "<group>";
		};
		8ACB1EED2C0C750F00C64D45 /* ViewControllers */ = {
			isa = PBXGroup;
			children = (
				8ACB1EEE2C0C754600C64D45 /* CardsViewController.swift */,
				8ACB1EF02C0C791300C64D45 /* CardDetailViewController.swift */,
			);
			path = ViewControllers;
			sourceTree = "<group>";
		};
		8ACB1EF62C0C7BCE00C64D45 /* Networking */ = {
			isa = PBXGroup;
			children = (
				8ACB1EF42C0C7BBF00C64D45 /* APIManager.swift */,
			);
			path = Networking;
			sourceTree = "<group>";
		};
/* End PBXGroup section */

/* Begin PBXNativeTarget section */
		8ACB1EC82C0C6B1500C64D45 /* StartiOS-HW17_Rustem_Usserov */ = {
			isa = PBXNativeTarget;
			buildConfigurationList = 8ACB1EDD2C0C6B1900C64D45 /* Build configuration list for PBXNativeTarget "StartiOS-HW17_Rustem_Usserov" */;
			buildPhases = (
				8ACB1EC52C0C6B1500C64D45 /* Sources */,
				8ACB1EC62C0C6B1500C64D45 /* Frameworks */,
				8ACB1EC72C0C6B1500C64D45 /* Resources */,
			);
			buildRules = (
			);
			dependencies = (
			);
			name = "StartiOS-HW17_Rustem_Usserov";
			packageProductDependencies = (
				8ACB1EEB2C0C707100C64D45 /* SnapKit */,
				8ACB1EF82C0C7C6800C64D45 /* Alamofire */,
			);
			productName = "StartiOS-HW17_Rustem_Usserov";
			productReference = 8ACB1EC92C0C6B1500C64D45 /* StartiOS-HW17_Rustem_Usserov.app */;
			productType = "com.apple.product-type.application";
		};
/* End PBXNativeTarget section */

/* Begin PBXProject section */
		8ACB1EC12C0C6B1500C64D45 /* Project object */ = {
			isa = PBXProject;
			attributes = {
				BuildIndependentTargetsInParallel = 1;
				LastSwiftUpdateCheck = 1520;
				LastUpgradeCheck = 1520;
				TargetAttributes = {
					8ACB1EC82C0C6B1500C64D45 = {
						CreatedOnToolsVersion = 15.2;
					};
				};
			};
			buildConfigurationList = 8ACB1EC42C0C6B1500C64D45 /* Build configuration list for PBXProject "StartiOS-HW17_Rustem_Usserov" */;
			compatibilityVersion = "Xcode 14.0";
			developmentRegion = en;
			hasScannedForEncodings = 0;
			knownRegions = (
				en,
				Base,
			);
			mainGroup = 8ACB1EC02C0C6B1500C64D45;
			packageReferences = (
				8ACB1EEA2C0C707100C64D45 /* XCRemoteSwiftPackageReference "SnapKit" */,
				8ACB1EF72C0C7C6800C64D45 /* XCRemoteSwiftPackageReference "Alamofire" */,
			);
			productRefGroup = 8ACB1ECA2C0C6B1500C64D45 /* Products */;
			projectDirPath = "";
			projectRoot = "";
			targets = (
				8ACB1EC82C0C6B1500C64D45 /* StartiOS-HW17_Rustem_Usserov */,
			);
		};
/* End PBXProject section */

/* Begin PBXResourcesBuildPhase section */
		8ACB1EC72C0C6B1500C64D45 /* Resources */ = {
			isa = PBXResourcesBuildPhase;
			buildActionMask = 2147483647;
			files = (
				8ACB1ED62C0C6B1900C64D45 /* Assets.xcassets in Resources */,
			);
			runOnlyForDeploymentPostprocessing = 0;
		};
/* End PBXResourcesBuildPhase section */

/* Begin PBXSourcesBuildPhase section */
		8ACB1EC52C0C6B1500C64D45 /* Sources */ = {
			isa = PBXSourcesBuildPhase;
			buildActionMask = 2147483647;
			files = (
				8ACB1EF52C0C7BBF00C64D45 /* APIManager.swift in Sources */,
				8ACB1EEF2C0C754600C64D45 /* CardsViewController.swift in Sources */,
				8ACB1EE92C0C6FE900C64D45 /* CardTableViewCell.swift in Sources */,
				8ACB1ECD2C0C6B1500C64D45 /* AppDelegate.swift in Sources */,
				8ACB1ECF2C0C6B1500C64D45 /* SceneDelegate.swift in Sources */,
				8ACB1EF32C0C7B0200C64D45 /* CardsViewModel.swift in Sources */,
				8ACB1EF12C0C791300C64D45 /* CardDetailViewController.swift in Sources */,
				8ACB1EE42C0C6EDB00C64D45 /* Cards.swift in Sources */,
				8ACB1EE62C0C6F4B00C64D45 /* CardResponse.swift in Sources */,
			);
			runOnlyForDeploymentPostprocessing = 0;
		};
/* End PBXSourcesBuildPhase section */

/* Begin XCBuildConfiguration section */
		8ACB1EDB2C0C6B1900C64D45 /* Debug */ = {
			isa = XCBuildConfiguration;
			buildSettings = {
				ALWAYS_SEARCH_USER_PATHS = NO;
				ASSETCATALOG_COMPILER_GENERATE_SWIFT_ASSET_SYMBOL_EXTENSIONS = YES;
				CLANG_ANALYZER_NONNULL = YES;
				CLANG_ANALYZER_NUMBER_OBJECT_CONVERSION = YES_AGGRESSIVE;
				CLANG_CXX_LANGUAGE_STANDARD = "gnu++20";
				CLANG_ENABLE_MODULES = YES;
				CLANG_ENABLE_OBJC_ARC = YES;
				CLANG_ENABLE_OBJC_WEAK = YES;
				CLANG_WARN_BLOCK_CAPTURE_AUTORELEASING = YES;
				CLANG_WARN_BOOL_CONVERSION = YES;
				CLANG_WARN_COMMA = YES;
				CLANG_WARN_CONSTANT_CONVERSION = YES;
				CLANG_WARN_DEPRECATED_OBJC_IMPLEMENTATIONS = YES;
				CLANG_WARN_DIRECT_OBJC_ISA_USAGE = YES_ERROR;
				CLANG_WARN_DOCUMENTATION_COMMENTS = YES;
				CLANG_WARN_EMPTY_BODY = YES;
				CLANG_WARN_ENUM_CONVERSION = YES;
				CLANG_WARN_INFINITE_RECURSION = YES;
				CLANG_WARN_INT_CONVERSION = YES;
				CLANG_WARN_NON_LITERAL_NULL_CONVERSION = YES;
				CLANG_WARN_OBJC_IMPLICIT_RETAIN_SELF = YES;
				CLANG_WARN_OBJC_LITERAL_CONVERSION = YES;
				CLANG_WARN_OBJC_ROOT_CLASS = YES_ERROR;
				CLANG_WARN_QUOTED_INCLUDE_IN_FRAMEWORK_HEADER = YES;
				CLANG_WARN_RANGE_LOOP_ANALYSIS = YES;
				CLANG_WARN_STRICT_PROTOTYPES = YES;
				CLANG_WARN_SUSPICIOUS_MOVE = YES;
				CLANG_WARN_UNGUARDED_AVAILABILITY = YES_AGGRESSIVE;
				CLANG_WARN_UNREACHABLE_CODE = YES;
				CLANG_WARN__DUPLICATE_METHOD_MATCH = YES;
				COPY_PHASE_STRIP = NO;
				DEBUG_INFORMATION_FORMAT = dwarf;
				ENABLE_STRICT_OBJC_MSGSEND = YES;
				ENABLE_TESTABILITY = YES;
				ENABLE_USER_SCRIPT_SANDBOXING = YES;
				GCC_C_LANGUAGE_STANDARD = gnu17;
				GCC_DYNAMIC_NO_PIC = NO;
				GCC_NO_COMMON_BLOCKS = YES;
				GCC_OPTIMIZATION_LEVEL = 0;
				GCC_PREPROCESSOR_DEFINITIONS = (
					"DEBUG=1",
					"$(inherited)",
				);
				GCC_WARN_64_TO_32_BIT_CONVERSION = YES;
				GCC_WARN_ABOUT_RETURN_TYPE = YES_ERROR;
				GCC_WARN_UNDECLARED_SELECTOR = YES;
				GCC_WARN_UNINITIALIZED_AUTOS = YES_AGGRESSIVE;
				GCC_WARN_UNUSED_FUNCTION = YES;
				GCC_WARN_UNUSED_VARIABLE = YES;
				IPHONEOS_DEPLOYMENT_TARGET = 15.0;
				LOCALIZATION_PREFERS_STRING_CATALOGS = YES;
				MTL_ENABLE_DEBUG_INFO = INCLUDE_SOURCE;
				MTL_FAST_MATH = YES;
				ONLY_ACTIVE_ARCH = YES;
				SDKROOT = iphoneos;
				SWIFT_ACTIVE_COMPILATION_CONDITIONS = "DEBUG $(inherited)";
				SWIFT_OPTIMIZATION_LEVEL = "-Onone";
			};
			name = Debug;
		};
		8ACB1EDC2C0C6B1900C64D45 /* Release */ = {
			isa = XCBuildConfiguration;
			buildSettings = {
				ALWAYS_SEARCH_USER_PATHS = NO;
				ASSETCATALOG_COMPILER_GENERATE_SWIFT_ASSET_SYMBOL_EXTENSIONS = YES;
				CLANG_ANALYZER_NONNULL = YES;
				CLANG_ANALYZER_NUMBER_OBJECT_CONVERSION = YES_AGGRESSIVE;
				CLANG_CXX_LANGUAGE_STANDARD = "gnu++20";
				CLANG_ENABLE_MODULES = YES;
				CLANG_ENABLE_OBJC_ARC = YES;
				CLANG_ENABLE_OBJC_WEAK = YES;
				CLANG_WARN_BLOCK_CAPTURE_AUTORELEASING = YES;
				CLANG_WARN_BOOL_CONVERSION = YES;
				CLANG_WARN_COMMA = YES;
				CLANG_WARN_CONSTANT_CONVERSION = YES;
				CLANG_WARN_DEPRECATED_OBJC_IMPLEMENTATIONS = YES;
				CLANG_WARN_DIRECT_OBJC_ISA_USAGE = YES_ERROR;
				CLANG_WARN_DOCUMENTATION_COMMENTS = YES;
				CLANG_WARN_EMPTY_BODY = YES;
				CLANG_WARN_ENUM_CONVERSION = YES;
				CLANG_WARN_INFINITE_RECURSION = YES;
				CLANG_WARN_INT_CONVERSION = YES;
				CLANG_WARN_NON_LITERAL_NULL_CONVERSION = YES;
				CLANG_WARN_OBJC_IMPLICIT_RETAIN_SELF = YES;
				CLANG_WARN_OBJC_LITERAL_CONVERSION = YES;
				CLANG_WARN_OBJC_ROOT_CLASS = YES_ERROR;
				CLANG_WARN_QUOTED_INCLUDE_IN_FRAMEWORK_HEADER = YES;
				CLANG_WARN_RANGE_LOOP_ANALYSIS = YES;
				CLANG_WARN_STRICT_PROTOTYPES = YES;
				CLANG_WARN_SUSPICIOUS_MOVE = YES;
				CLANG_WARN_UNGUARDED_AVAILABILITY = YES_AGGRESSIVE;
				CLANG_WARN_UNREACHABLE_CODE = YES;
				CLANG_WARN__DUPLICATE_METHOD_MATCH = YES;
				COPY_PHASE_STRIP = NO;
				DEBUG_INFORMATION_FORMAT = "dwarf-with-dsym";
				ENABLE_NS_ASSERTIONS = NO;
				ENABLE_STRICT_OBJC_MSGSEND = YES;
				ENABLE_USER_SCRIPT_SANDBOXING = YES;
				GCC_C_LANGUAGE_STANDARD = gnu17;
				GCC_NO_COMMON_BLOCKS = YES;
				GCC_WARN_64_TO_32_BIT_CONVERSION = YES;
				GCC_WARN_ABOUT_RETURN_TYPE = YES_ERROR;
				GCC_WARN_UNDECLARED_SELECTOR = YES;
				GCC_WARN_UNINITIALIZED_AUTOS = YES_AGGRESSIVE;
				GCC_WARN_UNUSED_FUNCTION = YES;
				GCC_WARN_UNUSED_VARIABLE = YES;
				IPHONEOS_DEPLOYMENT_TARGET = 15.0;
				LOCALIZATION_PREFERS_STRING_CATALOGS = YES;
				MTL_ENABLE_DEBUG_INFO = NO;
				MTL_FAST_MATH = YES;
				SDKROOT = iphoneos;
				SWIFT_COMPILATION_MODE = wholemodule;
				VALIDATE_PRODUCT = YES;
			};
			name = Release;
		};
		8ACB1EDE2C0C6B1900C64D45 /* Debug */ = {
			isa = XCBuildConfiguration;
			buildSettings = {
				ASSETCATALOG_COMPILER_APPICON_NAME = AppIcon;
				ASSETCATALOG_COMPILER_GLOBAL_ACCENT_COLOR_NAME = AccentColor;
				CODE_SIGN_STYLE = Automatic;
				CURRENT_PROJECT_VERSION = 1;
				DEVELOPMENT_TEAM = 975T5UPPNL;
				GENERATE_INFOPLIST_FILE = YES;
				INFOPLIST_FILE = "StartiOS-HW17_Rustem_Usserov/Info.plist";
				INFOPLIST_KEY_UIApplicationSupportsIndirectInputEvents = YES;
				INFOPLIST_KEY_UILaunchStoryboardName = LaunchScreen;
				INFOPLIST_KEY_UISupportedInterfaceOrientations = UIInterfaceOrientationPortrait;
				INFOPLIST_KEY_UISupportedInterfaceOrientations_iPad = "UIInterfaceOrientationLandscapeLeft UIInterfaceOrientationLandscapeRight UIInterfaceOrientationPortrait UIInterfaceOrientationPortraitUpsideDown";
				LD_RUNPATH_SEARCH_PATHS = (
					"$(inherited)",
					"@executable_path/Frameworks",
				);
				MARKETING_VERSION = 1.0;
				PRODUCT_BUNDLE_IDENTIFIER = "-.StartiOS-HW17-Rustem-Usserov";
				PRODUCT_NAME = "$(TARGET_NAME)";
				SWIFT_EMIT_LOC_STRINGS = YES;
				SWIFT_VERSION = 5.0;
				TARGETED_DEVICE_FAMILY = "1,2";
			};
			name = Debug;
		};
		8ACB1EDF2C0C6B1900C64D45 /* Release */ = {
			isa = XCBuildConfiguration;
			buildSettings = {
				ASSETCATALOG_COMPILER_APPICON_NAME = AppIcon;
				ASSETCATALOG_COMPILER_GLOBAL_ACCENT_COLOR_NAME = AccentColor;
				CODE_SIGN_STYLE = Automatic;
				CURRENT_PROJECT_VERSION = 1;
				DEVELOPMENT_TEAM = 975T5UPPNL;
				GENERATE_INFOPLIST_FILE = YES;
				INFOPLIST_FILE = "StartiOS-HW17_Rustem_Usserov/Info.plist";
				INFOPLIST_KEY_UIApplicationSupportsIndirectInputEvents = YES;
				INFOPLIST_KEY_UILaunchStoryboardName = LaunchScreen;
				INFOPLIST_KEY_UISupportedInterfaceOrientations = UIInterfaceOrientationPortrait;
				INFOPLIST_KEY_UISupportedInterfaceOrientations_iPad = "UIInterfaceOrientationLandscapeLeft UIInterfaceOrientationLandscapeRight UIInterfaceOrientationPortrait UIInterfaceOrientationPortraitUpsideDown";
				LD_RUNPATH_SEARCH_PATHS = (
					"$(inherited)",
					"@executable_path/Frameworks",
				);
				MARKETING_VERSION = 1.0;
				PRODUCT_BUNDLE_IDENTIFIER = "-.StartiOS-HW17-Rustem-Usserov";
				PRODUCT_NAME = "$(TARGET_NAME)";
				SWIFT_EMIT_LOC_STRINGS = YES;
				SWIFT_VERSION = 5.0;
				TARGETED_DEVICE_FAMILY = "1,2";
			};
			name = Release;
		};
/* End XCBuildConfiguration section */

/* Begin XCConfigurationList section */
		8ACB1EC42C0C6B1500C64D45 /* Build configuration list for PBXProject "StartiOS-HW17_Rustem_Usserov" */ = {
			isa = XCConfigurationList;
			buildConfigurations = (
				8ACB1EDB2C0C6B1900C64D45 /* Debug */,
				8ACB1EDC2C0C6B1900C64D45 /* Release */,
			);
			defaultConfigurationIsVisible = 0;
			defaultConfigurationName = Release;
		};
		8ACB1EDD2C0C6B1900C64D45 /* Build configuration list for PBXNativeTarget "StartiOS-HW17_Rustem_Usserov" */ = {
			isa = XCConfigurationList;
			buildConfigurations = (
				8ACB1EDE2C0C6B1900C64D45 /* Debug */,
				8ACB1EDF2C0C6B1900C64D45 /* Release */,
			);
			defaultConfigurationIsVisible = 0;
			defaultConfigurationName = Release;
		};
/* End XCConfigurationList section */

/* Begin XCRemoteSwiftPackageReference section */
		8ACB1EEA2C0C707100C64D45 /* XCRemoteSwiftPackageReference "SnapKit" */ = {
			isa = XCRemoteSwiftPackageReference;
			repositoryURL = "https://github.com/SnapKit/SnapKit";
			requirement = {
				kind = upToNextMajorVersion;
				minimumVersion = 5.7.1;
			};
		};
		8ACB1EF72C0C7C6800C64D45 /* XCRemoteSwiftPackageReference "Alamofire" */ = {
			isa = XCRemoteSwiftPackageReference;
			repositoryURL = "https://github.com/Alamofire/Alamofire.git";
			requirement = {
				kind = upToNextMajorVersion;
				minimumVersion = 5.9.1;
			};
		};
/* End XCRemoteSwiftPackageReference section */

/* Begin XCSwiftPackageProductDependency section */
		8ACB1EEB2C0C707100C64D45 /* SnapKit */ = {
			isa = XCSwiftPackageProductDependency;
			package = 8ACB1EEA2C0C707100C64D45 /* XCRemoteSwiftPackageReference "SnapKit" */;
			productName = SnapKit;
		};
		8ACB1EF82C0C7C6800C64D45 /* Alamofire */ = {
			isa = XCSwiftPackageProductDependency;
			package = 8ACB1EF72C0C7C6800C64D45 /* XCRemoteSwiftPackageReference "Alamofire" */;
			productName = Alamofire;
		};
/* End XCSwiftPackageProductDependency section */
	};
	rootObject = 8ACB1EC12C0C6B1500C64D45 /* Project object */;
}
